
Microsoft Visual Studio Solution File, Format Version 12.00
# Visual Studio 14
VisualStudioVersion = 14.0.25420.1
MinimumVisualStudioVersion = 10.0.40219.1
Project("{F2A71F9B-5D33-465A-A702-920D77279786}") = "FormsFSharpSample", "FormsFSharpSample\FormsFSharpSample\FormsFSharpSample.fsproj", "{244F877A-02F2-4871-8A54-7DD78C4E3E2B}"
EndProject
Project("{F2A71F9B-5D33-465A-A702-920D77279786}") = "FormsFSharpSample.iOS", "FormsFSharpSample\FormsFSharpSample.iOS\FormsFSharpSample.iOS.fsproj", "{D52DEF88-C536-46DB-8BC6-D964EDCB58AE}"
EndProject
Project("{FAE04EC0-301F-11D3-BF4B-00C04F79EFBC}") = "FormsFSharpSample.Droid", "FormsFSharpSample\FormsFSharpSample.Droid\FormsFSharpSample.Droid.csproj", "{FCC7302A-018F-4660-85CE-39AE6CD4530B}"
EndProject
Project("{FAE04EC0-301F-11D3-BF4B-00C04F79EFBC}") = "FormsFSharpSample.UI", "FormsFSharpSample\FormsFSharpSample.UI\FormsFSharpSample.UI.csproj", "{0A4AD07A-C2C6-4EED-8D2E-B7E3F3521AE9}"
EndProject
Global
	GlobalSection(SolutionConfigurationPlatforms) = preSolution
		Ad-Hoc|Any CPU = Ad-Hoc|Any CPU
		Ad-Hoc|ARM = Ad-Hoc|ARM
		Ad-Hoc|iPhone = Ad-Hoc|iPhone
		Ad-Hoc|iPhoneSimulator = Ad-Hoc|iPhoneSimulator
		Ad-Hoc|x64 = Ad-Hoc|x64
		Ad-Hoc|x86 = Ad-Hoc|x86
		AppStore|Any CPU = AppStore|Any CPU
		AppStore|ARM = AppStore|ARM
		AppStore|iPhone = AppStore|iPhone
		AppStore|iPhoneSimulator = AppStore|iPhoneSimulator
		AppStore|x64 = AppStore|x64
		AppStore|x86 = AppStore|x86
		Debug|Any CPU = Debug|Any CPU
		Debug|ARM = Debug|ARM
		Debug|iPhone = Debug|iPhone
		Debug|iPhoneSimulator = Debug|iPhoneSimulator
		Debug|x64 = Debug|x64
		Debug|x86 = Debug|x86
		Release|Any CPU = Release|Any CPU
		Release|ARM = Release|ARM
		Release|iPhone = Release|iPhone
		Release|iPhoneSimulator = Release|iPhoneSimulator
		Release|x64 = Release|x64
		Release|x86 = Release|x86
	EndGlobalSection
	GlobalSection(ProjectConfigurationPlatforms) = postSolution
		{244F877A-02F2-4871-8A54-7DD78C4E3E2B}.Ad-Hoc|Any CPU.ActiveCfg = Release|Any CPU
		{244F877A-02F2-4871-8A54-7DD78C4E3E2B}.Ad-Hoc|Any CPU.Build.0 = Release|Any CPU
		{244F877A-02F2-4871-8A54-7DD78C4E3E2B}.Ad-Hoc|ARM.ActiveCfg = Release|Any CPU
		{244F877A-02F2-4871-8A54-7DD78C4E3E2B}.Ad-Hoc|ARM.Build.0 = Release|Any CPU
		{244F877A-02F2-4871-8A54-7DD78C4E3E2B}.Ad-Hoc|iPhone.ActiveCfg = Release|Any CPU
		{244F877A-02F2-4871-8A54-7DD78C4E3E2B}.Ad-Hoc|iPhone.Build.0 = Release|Any CPU
		{244F877A-02F2-4871-8A54-7DD78C4E3E2B}.Ad-Hoc|iPhoneSimulator.ActiveCfg = Release|Any CPU
		{244F877A-02F2-4871-8A54-7DD78C4E3E2B}.Ad-Hoc|iPhoneSimulator.Build.0 = Release|Any CPU
		{244F877A-02F2-4871-8A54-7DD78C4E3E2B}.Ad-Hoc|x64.ActiveCfg = Release|Any CPU
		{244F877A-02F2-4871-8A54-7DD78C4E3E2B}.Ad-Hoc|x64.Build.0 = Release|Any CPU
		{244F877A-02F2-4871-8A54-7DD78C4E3E2B}.Ad-Hoc|x86.ActiveCfg = Release|Any CPU
		{244F877A-02F2-4871-8A54-7DD78C4E3E2B}.Ad-Hoc|x86.Build.0 = Release|Any CPU
		{244F877A-02F2-4871-8A54-7DD78C4E3E2B}.AppStore|Any CPU.ActiveCfg = Release|Any CPU
		{244F877A-02F2-4871-8A54-7DD78C4E3E2B}.AppStore|Any CPU.Build.0 = Release|Any CPU
		{244F877A-02F2-4871-8A54-7DD78C4E3E2B}.AppStore|ARM.ActiveCfg = Release|Any CPU
		{244F877A-02F2-4871-8A54-7DD78C4E3E2B}.AppStore|ARM.Build.0 = Release|Any CPU
		{244F877A-02F2-4871-8A54-7DD78C4E3E2B}.AppStore|iPhone.ActiveCfg = Release|Any CPU
		{244F877A-02F2-4871-8A54-7DD78C4E3E2B}.AppStore|iPhone.Build.0 = Release|Any CPU
		{244F877A-02F2-4871-8A54-7DD78C4E3E2B}.AppStore|iPhoneSimulator.ActiveCfg = Release|Any CPU
		{244F877A-02F2-4871-8A54-7DD78C4E3E2B}.AppStore|iPhoneSimulator.Build.0 = Release|Any CPU
		{244F877A-02F2-4871-8A54-7DD78C4E3E2B}.AppStore|x64.ActiveCfg = Release|Any CPU
		{244F877A-02F2-4871-8A54-7DD78C4E3E2B}.AppStore|x64.Build.0 = Release|Any CPU
		{244F877A-02F2-4871-8A54-7DD78C4E3E2B}.AppStore|x86.ActiveCfg = Release|Any CPU
		{244F877A-02F2-4871-8A54-7DD78C4E3E2B}.AppStore|x86.Build.0 = Release|Any CPU
		{244F877A-02F2-4871-8A54-7DD78C4E3E2B}.Debug|Any CPU.ActiveCfg = Debug|Any CPU
		{244F877A-02F2-4871-8A54-7DD78C4E3E2B}.Debug|Any CPU.Build.0 = Debug|Any CPU
		{244F877A-02F2-4871-8A54-7DD78C4E3E2B}.Debug|ARM.ActiveCfg = Debug|Any CPU
		{244F877A-02F2-4871-8A54-7DD78C4E3E2B}.Debug|ARM.Build.0 = Debug|Any CPU
		{244F877A-02F2-4871-8A54-7DD78C4E3E2B}.Debug|iPhone.ActiveCfg = Debug|Any CPU
		{244F877A-02F2-4871-8A54-7DD78C4E3E2B}.Debug|iPhone.Build.0 = Debug|Any CPU
		{244F877A-02F2-4871-8A54-7DD78C4E3E2B}.Debug|iPhoneSimulator.ActiveCfg = Debug|Any CPU
		{244F877A-02F2-4871-8A54-7DD78C4E3E2B}.Debug|iPhoneSimulator.Build.0 = Debug|Any CPU
		{244F877A-02F2-4871-8A54-7DD78C4E3E2B}.Debug|x64.ActiveCfg = Debug|Any CPU
		{244F877A-02F2-4871-8A54-7DD78C4E3E2B}.Debug|x64.Build.0 = Debug|Any CPU
		{244F877A-02F2-4871-8A54-7DD78C4E3E2B}.Debug|x86.ActiveCfg = Debug|Any CPU
		{244F877A-02F2-4871-8A54-7DD78C4E3E2B}.Debug|x86.Build.0 = Debug|Any CPU
		{244F877A-02F2-4871-8A54-7DD78C4E3E2B}.Release|Any CPU.ActiveCfg = Release|Any CPU
		{244F877A-02F2-4871-8A54-7DD78C4E3E2B}.Release|Any CPU.Build.0 = Release|Any CPU
		{244F877A-02F2-4871-8A54-7DD78C4E3E2B}.Release|ARM.ActiveCfg = Release|Any CPU
		{244F877A-02F2-4871-8A54-7DD78C4E3E2B}.Release|ARM.Build.0 = Release|Any CPU
		{244F877A-02F2-4871-8A54-7DD78C4E3E2B}.Release|iPhone.ActiveCfg = Release|Any CPU
		{244F877A-02F2-4871-8A54-7DD78C4E3E2B}.Release|iPhone.Build.0 = Release|Any CPU
		{244F877A-02F2-4871-8A54-7DD78C4E3E2B}.Release|iPhoneSimulator.ActiveCfg = Release|Any CPU
		{244F877A-02F2-4871-8A54-7DD78C4E3E2B}.Release|iPhoneSimulator.Build.0 = Release|Any CPU
		{244F877A-02F2-4871-8A54-7DD78C4E3E2B}.Release|x64.ActiveCfg = Release|Any CPU
		{244F877A-02F2-4871-8A54-7DD78C4E3E2B}.Release|x64.Build.0 = Release|Any CPU
		{244F877A-02F2-4871-8A54-7DD78C4E3E2B}.Release|x86.ActiveCfg = Release|Any CPU
		{244F877A-02F2-4871-8A54-7DD78C4E3E2B}.Release|x86.Build.0 = Release|Any CPU
		{D52DEF88-C536-46DB-8BC6-D964EDCB58AE}.Ad-Hoc|Any CPU.ActiveCfg = Ad-Hoc|iPhone
		{D52DEF88-C536-46DB-8BC6-D964EDCB58AE}.Ad-Hoc|ARM.ActiveCfg = Ad-Hoc|iPhone
		{D52DEF88-C536-46DB-8BC6-D964EDCB58AE}.Ad-Hoc|iPhone.ActiveCfg = Ad-Hoc|iPhone
		{D52DEF88-C536-46DB-8BC6-D964EDCB58AE}.Ad-Hoc|iPhone.Build.0 = Ad-Hoc|iPhone
		{D52DEF88-C536-46DB-8BC6-D964EDCB58AE}.Ad-Hoc|iPhoneSimulator.ActiveCfg = Ad-Hoc|iPhoneSimulator
		{D52DEF88-C536-46DB-8BC6-D964EDCB58AE}.Ad-Hoc|iPhoneSimulator.Build.0 = Ad-Hoc|iPhoneSimulator
		{D52DEF88-C536-46DB-8BC6-D964EDCB58AE}.Ad-Hoc|x64.ActiveCfg = Ad-Hoc|iPhone
		{D52DEF88-C536-46DB-8BC6-D964EDCB58AE}.Ad-Hoc|x86.ActiveCfg = Ad-Hoc|iPhone
		{D52DEF88-C536-46DB-8BC6-D964EDCB58AE}.AppStore|Any CPU.ActiveCfg = AppStore|iPhone
		{D52DEF88-C536-46DB-8BC6-D964EDCB58AE}.AppStore|ARM.ActiveCfg = AppStore|iPhone
		{D52DEF88-C536-46DB-8BC6-D964EDCB58AE}.AppStore|iPhone.ActiveCfg = AppStore|iPhone
		{D52DEF88-C536-46DB-8BC6-D964EDCB58AE}.AppStore|iPhone.Build.0 = AppStore|iPhone
		{D52DEF88-C536-46DB-8BC6-D964EDCB58AE}.AppStore|iPhoneSimulator.ActiveCfg = AppStore|iPhoneSimulator
		{D52DEF88-C536-46DB-8BC6-D964EDCB58AE}.AppStore|iPhoneSimulator.Build.0 = AppStore|iPhoneSimulator
		{D52DEF88-C536-46DB-8BC6-D964EDCB58AE}.AppStore|x64.ActiveCfg = AppStore|iPhone
		{D52DEF88-C536-46DB-8BC6-D964EDCB58AE}.AppStore|x86.ActiveCfg = AppStore|iPhone
		{D52DEF88-C536-46DB-8BC6-D964EDCB58AE}.Debug|Any CPU.ActiveCfg = Debug|iPhone
		{D52DEF88-C536-46DB-8BC6-D964EDCB58AE}.Debug|ARM.ActiveCfg = Debug|iPhone
		{D52DEF88-C536-46DB-8BC6-D964EDCB58AE}.Debug|iPhone.ActiveCfg = Debug|iPhone
		{D52DEF88-C536-46DB-8BC6-D964EDCB58AE}.Debug|iPhone.Build.0 = Debug|iPhone
		{D52DEF88-C536-46DB-8BC6-D964EDCB58AE}.Debug|iPhoneSimulator.ActiveCfg = Debug|iPhoneSimulator
		{D52DEF88-C536-46DB-8BC6-D964EDCB58AE}.Debug|iPhoneSimulator.Build.0 = Debug|iPhoneSimulator
		{D52DEF88-C536-46DB-8BC6-D964EDCB58AE}.Debug|x64.ActiveCfg = Debug|iPhone
		{D52DEF88-C536-46DB-8BC6-D964EDCB58AE}.Debug|x86.ActiveCfg = Debug|iPhone
		{D52DEF88-C536-46DB-8BC6-D964EDCB58AE}.Release|Any CPU.ActiveCfg = Release|iPhone
		{D52DEF88-C536-46DB-8BC6-D964EDCB58AE}.Release|ARM.ActiveCfg = Release|iPhone
		{D52DEF88-C536-46DB-8BC6-D964EDCB58AE}.Release|iPhone.ActiveCfg = Release|iPhone
		{D52DEF88-C536-46DB-8BC6-D964EDCB58AE}.Release|iPhone.Build.0 = Release|iPhone
		{D52DEF88-C536-46DB-8BC6-D964EDCB58AE}.Release|iPhoneSimulator.ActiveCfg = Release|iPhoneSimulator
		{D52DEF88-C536-46DB-8BC6-D964EDCB58AE}.Release|iPhoneSimulator.Build.0 = Release|iPhoneSimulator
		{D52DEF88-C536-46DB-8BC6-D964EDCB58AE}.Release|x64.ActiveCfg = Release|iPhone
		{D52DEF88-C536-46DB-8BC6-D964EDCB58AE}.Release|x86.ActiveCfg = Release|iPhone
		{FCC7302A-018F-4660-85CE-39AE6CD4530B}.Ad-Hoc|Any CPU.ActiveCfg = Release|Any CPU
		{FCC7302A-018F-4660-85CE-39AE6CD4530B}.Ad-Hoc|Any CPU.Build.0 = Release|Any CPU
		{FCC7302A-018F-4660-85CE-39AE6CD4530B}.Ad-Hoc|Any CPU.Deploy.0 = Release|Any CPU
		{FCC7302A-018F-4660-85CE-39AE6CD4530B}.Ad-Hoc|ARM.ActiveCfg = Release|Any CPU
		{FCC7302A-018F-4660-85CE-39AE6CD4530B}.Ad-Hoc|ARM.Build.0 = Release|Any CPU
		{FCC7302A-018F-4660-85CE-39AE6CD4530B}.Ad-Hoc|ARM.Deploy.0 = Release|Any CPU
		{FCC7302A-018F-4660-85CE-39AE6CD4530B}.Ad-Hoc|iPhone.ActiveCfg = Release|Any CPU
		{FCC7302A-018F-4660-85CE-39AE6CD4530B}.Ad-Hoc|iPhone.Build.0 = Release|Any CPU
		{FCC7302A-018F-4660-85CE-39AE6CD4530B}.Ad-Hoc|iPhone.Deploy.0 = Release|Any CPU
		{FCC7302A-018F-4660-85CE-39AE6CD4530B}.Ad-Hoc|iPhoneSimulator.ActiveCfg = Release|Any CPU
		{FCC7302A-018F-4660-85CE-39AE6CD4530B}.Ad-Hoc|iPhoneSimulator.Build.0 = Release|Any CPU
		{FCC7302A-018F-4660-85CE-39AE6CD4530B}.Ad-Hoc|iPhoneSimulator.Deploy.0 = Release|Any CPU
		{FCC7302A-018F-4660-85CE-39AE6CD4530B}.Ad-Hoc|x64.ActiveCfg = Release|Any CPU
		{FCC7302A-018F-4660-85CE-39AE6CD4530B}.Ad-Hoc|x64.Build.0 = Release|Any CPU
		{FCC7302A-018F-4660-85CE-39AE6CD4530B}.Ad-Hoc|x64.Deploy.0 = Release|Any CPU
		{FCC7302A-018F-4660-85CE-39AE6CD4530B}.Ad-Hoc|x86.ActiveCfg = Release|Any CPU
		{FCC7302A-018F-4660-85CE-39AE6CD4530B}.Ad-Hoc|x86.Build.0 = Release|Any CPU
		{FCC7302A-018F-4660-85CE-39AE6CD4530B}.Ad-Hoc|x86.Deploy.0 = Release|Any CPU
		{FCC7302A-018F-4660-85CE-39AE6CD4530B}.AppStore|Any CPU.ActiveCfg = Release|Any CPU
		{FCC7302A-018F-4660-85CE-39AE6CD4530B}.AppStore|Any CPU.Build.0 = Release|Any CPU
		{FCC7302A-018F-4660-85CE-39AE6CD4530B}.AppStore|Any CPU.Deploy.0 = Release|Any CPU
		{FCC7302A-018F-4660-85CE-39AE6CD4530B}.AppStore|ARM.ActiveCfg = Release|Any CPU
		{FCC7302A-018F-4660-85CE-39AE6CD4530B}.AppStore|ARM.Build.0 = Release|Any CPU
		{FCC7302A-018F-4660-85CE-39AE6CD4530B}.AppStore|ARM.Deploy.0 = Release|Any CPU
		{FCC7302A-018F-4660-85CE-39AE6CD4530B}.AppStore|iPhone.ActiveCfg = Release|Any CPU
		{FCC7302A-018F-4660-85CE-39AE6CD4530B}.AppStore|iPhone.Build.0 = Release|Any CPU
		{FCC7302A-018F-4660-85CE-39AE6CD4530B}.AppStore|iPhone.Deploy.0 = Release|Any CPU
		{FCC7302A-018F-4660-85CE-39AE6CD4530B}.AppStore|iPhoneSimulator.ActiveCfg = Release|Any CPU
		{FCC7302A-018F-4660-85CE-39AE6CD4530B}.AppStore|iPhoneSimulator.Build.0 = Release|Any CPU
		{FCC7302A-018F-4660-85CE-39AE6CD4530B}.AppStore|iPhoneSimulator.Deploy.0 = Release|Any CPU
		{FCC7302A-018F-4660-85CE-39AE6CD4530B}.AppStore|x64.ActiveCfg = Release|Any CPU
		{FCC7302A-018F-4660-85CE-39AE6CD4530B}.AppStore|x64.Build.0 = Release|Any CPU
		{FCC7302A-018F-4660-85CE-39AE6CD4530B}.AppStore|x64.Deploy.0 = Release|Any CPU
		{FCC7302A-018F-4660-85CE-39AE6CD4530B}.AppStore|x86.ActiveCfg = Release|Any CPU
		{FCC7302A-018F-4660-85CE-39AE6CD4530B}.AppStore|x86.Build.0 = Release|Any CPU
		{FCC7302A-018F-4660-85CE-39AE6CD4530B}.AppStore|x86.Deploy.0 = Release|Any CPU
		{FCC7302A-018F-4660-85CE-39AE6CD4530B}.Debug|Any CPU.ActiveCfg = Debug|Any CPU
		{FCC7302A-018F-4660-85CE-39AE6CD4530B}.Debug|Any CPU.Build.0 = Debug|Any CPU
		{FCC7302A-018F-4660-85CE-39AE6CD4530B}.Debug|Any CPU.Deploy.0 = Debug|Any CPU
		{FCC7302A-018F-4660-85CE-39AE6CD4530B}.Debug|ARM.ActiveCfg = Debug|Any CPU
		{FCC7302A-018F-4660-85CE-39AE6CD4530B}.Debug|ARM.Build.0 = Debug|Any CPU
		{FCC7302A-018F-4660-85CE-39AE6CD4530B}.Debug|ARM.Deploy.0 = Debug|Any CPU
		{FCC7302A-018F-4660-85CE-39AE6CD4530B}.Debug|iPhone.ActiveCfg = Debug|Any CPU
		{FCC7302A-018F-4660-85CE-39AE6CD4530B}.Debug|iPhone.Build.0 = Debug|Any CPU
		{FCC7302A-018F-4660-85CE-39AE6CD4530B}.Debug|iPhone.Deploy.0 = Debug|Any CPU
		{FCC7302A-018F-4660-85CE-39AE6CD4530B}.Debug|iPhoneSimulator.ActiveCfg = Debug|Any CPU
		{FCC7302A-018F-4660-85CE-39AE6CD4530B}.Debug|iPhoneSimulator.Build.0 = Debug|Any CPU
		{FCC7302A-018F-4660-85CE-39AE6CD4530B}.Debug|iPhoneSimulator.Deploy.0 = Debug|Any CPU
		{FCC7302A-018F-4660-85CE-39AE6CD4530B}.Debug|x64.ActiveCfg = Debug|Any CPU
		{FCC7302A-018F-4660-85CE-39AE6CD4530B}.Debug|x64.Build.0 = Debug|Any CPU
		{FCC7302A-018F-4660-85CE-39AE6CD4530B}.Debug|x64.Deploy.0 = Debug|Any CPU
		{FCC7302A-018F-4660-85CE-39AE6CD4530B}.Debug|x86.ActiveCfg = Debug|Any CPU
		{FCC7302A-018F-4660-85CE-39AE6CD4530B}.Debug|x86.Build.0 = Debug|Any CPU
		{FCC7302A-018F-4660-85CE-39AE6CD4530B}.Debug|x86.Deploy.0 = Debug|Any CPU
		{FCC7302A-018F-4660-85CE-39AE6CD4530B}.Release|Any CPU.ActiveCfg = Release|Any CPU
		{FCC7302A-018F-4660-85CE-39AE6CD4530B}.Release|Any CPU.Build.0 = Release|Any CPU
		{FCC7302A-018F-4660-85CE-39AE6CD4530B}.Release|Any CPU.Deploy.0 = Release|Any CPU
		{FCC7302A-018F-4660-85CE-39AE6CD4530B}.Release|ARM.ActiveCfg = Release|Any CPU
		{FCC7302A-018F-4660-85CE-39AE6CD4530B}.Release|ARM.Build.0 = Release|Any CPU
		{FCC7302A-018F-4660-85CE-39AE6CD4530B}.Release|ARM.Deploy.0 = Release|Any CPU
		{FCC7302A-018F-4660-85CE-39AE6CD4530B}.Release|iPhone.ActiveCfg = Release|Any CPU
		{FCC7302A-018F-4660-85CE-39AE6CD4530B}.Release|iPhone.Build.0 = Release|Any CPU
		{FCC7302A-018F-4660-85CE-39AE6CD4530B}.Release|iPhone.Deploy.0 = Release|Any CPU
		{FCC7302A-018F-4660-85CE-39AE6CD4530B}.Release|iPhoneSimulator.ActiveCfg = Release|Any CPU
		{FCC7302A-018F-4660-85CE-39AE6CD4530B}.Release|iPhoneSimulator.Build.0 = Release|Any CPU
		{FCC7302A-018F-4660-85CE-39AE6CD4530B}.Release|iPhoneSimulator.Deploy.0 = Release|Any CPU
		{FCC7302A-018F-4660-85CE-39AE6CD4530B}.Release|x64.ActiveCfg = Release|Any CPU
		{FCC7302A-018F-4660-85CE-39AE6CD4530B}.Release|x64.Build.0 = Release|Any CPU
		{FCC7302A-018F-4660-85CE-39AE6CD4530B}.Release|x64.Deploy.0 = Release|Any CPU
		{FCC7302A-018F-4660-85CE-39AE6CD4530B}.Release|x86.ActiveCfg = Release|Any CPU
		{FCC7302A-018F-4660-85CE-39AE6CD4530B}.Release|x86.Build.0 = Release|Any CPU
		{FCC7302A-018F-4660-85CE-39AE6CD4530B}.Release|x86.Deploy.0 = Release|Any CPU
		{0A4AD07A-C2C6-4EED-8D2E-B7E3F3521AE9}.Ad-Hoc|Any CPU.ActiveCfg = Release|Any CPU
		{0A4AD07A-C2C6-4EED-8D2E-B7E3F3521AE9}.Ad-Hoc|Any CPU.Build.0 = Release|Any CPU
		{0A4AD07A-C2C6-4EED-8D2E-B7E3F3521AE9}.Ad-Hoc|ARM.ActiveCfg = Release|Any CPU
		{0A4AD07A-C2C6-4EED-8D2E-B7E3F3521AE9}.Ad-Hoc|ARM.Build.0 = Release|Any CPU
		{0A4AD07A-C2C6-4EED-8D2E-B7E3F3521AE9}.Ad-Hoc|iPhone.ActiveCfg = Release|Any CPU
		{0A4AD07A-C2C6-4EED-8D2E-B7E3F3521AE9}.Ad-Hoc|iPhone.Build.0 = Release|Any CPU
		{0A4AD07A-C2C6-4EED-8D2E-B7E3F3521AE9}.Ad-Hoc|iPhoneSimulator.ActiveCfg = Release|Any CPU
		{0A4AD07A-C2C6-4EED-8D2E-B7E3F3521AE9}.Ad-Hoc|iPhoneSimulator.Build.0 = Release|Any CPU
		{0A4AD07A-C2C6-4EED-8D2E-B7E3F3521AE9}.Ad-Hoc|x64.ActiveCfg = Release|Any CPU
		{0A4AD07A-C2C6-4EED-8D2E-B7E3F3521AE9}.Ad-Hoc|x64.Build.0 = Release|Any CPU
		{0A4AD07A-C2C6-4EED-8D2E-B7E3F3521AE9}.Ad-Hoc|x86.ActiveCfg = Release|Any CPU
		{0A4AD07A-C2C6-4EED-8D2E-B7E3F3521AE9}.Ad-Hoc|x86.Build.0 = Release|Any CPU
		{0A4AD07A-C2C6-4EED-8D2E-B7E3F3521AE9}.AppStore|Any CPU.ActiveCfg = Release|Any CPU
		{0A4AD07A-C2C6-4EED-8D2E-B7E3F3521AE9}.AppStore|Any CPU.Build.0 = Release|Any CPU
		{0A4AD07A-C2C6-4EED-8D2E-B7E3F3521AE9}.AppStore|ARM.ActiveCfg = Release|Any CPU
		{0A4AD07A-C2C6-4EED-8D2E-B7E3F3521AE9}.AppStore|ARM.Build.0 = Release|Any CPU
		{0A4AD07A-C2C6-4EED-8D2E-B7E3F3521AE9}.AppStore|iPhone.ActiveCfg = Release|Any CPU
		{0A4AD07A-C2C6-4EED-8D2E-B7E3F3521AE9}.AppStore|iPhone.Build.0 = Release|Any CPU
		{0A4AD07A-C2C6-4EED-8D2E-B7E3F3521AE9}.AppStore|iPhoneSimulator.ActiveCfg = Release|Any CPU
		{0A4AD07A-C2C6-4EED-8D2E-B7E3F3521AE9}.AppStore|iPhoneSimulator.Build.0 = Release|Any CPU
		{0A4AD07A-C2C6-4EED-8D2E-B7E3F3521AE9}.AppStore|x64.ActiveCfg = Release|Any CPU
		{0A4AD07A-C2C6-4EED-8D2E-B7E3F3521AE9}.AppStore|x64.Build.0 = Release|Any CPU
		{0A4AD07A-C2C6-4EED-8D2E-B7E3F3521AE9}.AppStore|x86.ActiveCfg = Release|Any CPU
		{0A4AD07A-C2C6-4EED-8D2E-B7E3F3521AE9}.AppStore|x86.Build.0 = Release|Any CPU
		{0A4AD07A-C2C6-4EED-8D2E-B7E3F3521AE9}.Debug|Any CPU.ActiveCfg = Debug|Any CPU
		{0A4AD07A-C2C6-4EED-8D2E-B7E3F3521AE9}.Debug|Any CPU.Build.0 = Debug|Any CPU
		{0A4AD07A-C2C6-4EED-8D2E-B7E3F3521AE9}.Debug|ARM.ActiveCfg = Debug|Any CPU
		{0A4AD07A-C2C6-4EED-8D2E-B7E3F3521AE9}.Debug|ARM.Build.0 = Debug|Any CPU
		{0A4AD07A-C2C6-4EED-8D2E-B7E3F3521AE9}.Debug|iPhone.ActiveCfg = Debug|Any CPU
		{0A4AD07A-C2C6-4EED-8D2E-B7E3F3521AE9}.Debug|iPhone.Build.0 = Debug|Any CPU
		{0A4AD07A-C2C6-4EED-8D2E-B7E3F3521AE9}.Debug|iPhoneSimulator.ActiveCfg = Debug|Any CPU
		{0A4AD07A-C2C6-4EED-8D2E-B7E3F3521AE9}.Debug|iPhoneSimulator.Build.0 = Debug|Any CPU
		{0A4AD07A-C2C6-4EED-8D2E-B7E3F3521AE9}.Debug|x64.ActiveCfg = Debug|Any CPU
		{0A4AD07A-C2C6-4EED-8D2E-B7E3F3521AE9}.Debug|x64.Build.0 = Debug|Any CPU
		{0A4AD07A-C2C6-4EED-8D2E-B7E3F3521AE9}.Debug|x86.ActiveCfg = Debug|Any CPU
		{0A4AD07A-C2C6-4EED-8D2E-B7E3F3521AE9}.Debug|x86.Build.0 = Debug|Any CPU
		{0A4AD07A-C2C6-4EED-8D2E-B7E3F3521AE9}.Release|Any CPU.ActiveCfg = Release|Any CPU
		{0A4AD07A-C2C6-4EED-8D2E-B7E3F3521AE9}.Release|Any CPU.Build.0 = Release|Any CPU
		{0A4AD07A-C2C6-4EED-8D2E-B7E3F3521AE9}.Release|ARM.ActiveCfg = Release|Any CPU
		{0A4AD07A-C2C6-4EED-8D2E-B7E3F3521AE9}.Release|ARM.Build.0 = Release|Any CPU
		{0A4AD07A-C2C6-4EED-8D2E-B7E3F3521AE9}.Release|iPhone.ActiveCfg = Release|Any CPU
		{0A4AD07A-C2C6-4EED-8D2E-B7E3F3521AE9}.Release|iPhone.Build.0 = Release|Any CPU
		{0A4AD07A-C2C6-4EED-8D2E-B7E3F3521AE9}.Release|iPhoneSimulator.ActiveCfg = Release|Any CPU
		{0A4AD07A-C2C6-4EED-8D2E-B7E3F3521AE9}.Release|iPhoneSimulator.Build.0 = Release|Any CPU
		{0A4AD07A-C2C6-4EED-8D2E-B7E3F3521AE9}.Release|x64.ActiveCfg = Release|Any CPU
		{0A4AD07A-C2C6-4EED-8D2E-B7E3F3521AE9}.Release|x64.Build.0 = Release|Any CPU
		{0A4AD07A-C2C6-4EED-8D2E-B7E3F3521AE9}.Release|x86.ActiveCfg = Release|Any CPU
		{0A4AD07A-C2C6-4EED-8D2E-B7E3F3521AE9}.Release|x86.Build.0 = Release|Any CPU
	EndGlobalSection
	GlobalSection(SolutionProperties) = preSolution
		HideSolutionNode = FALSE
	EndGlobalSection
EndGlobal
